
Microsoft Visual Studio Solution File, Format Version 12.00
# Visual Studio Version 16
VisualStudioVersion = 16.0.28407.52
MinimumVisualStudioVersion = 10.0.40219.1
Project("{9A19103F-16F7-4668-BE54-9A1E7A4F7556}") = "wikr.FluentSlack", "wikr.Slack\wikr.FluentSlack.csproj", "{83890062-24C9-49C6-9CE0-454E3B3F6E55}"
EndProject
Project("{9A19103F-16F7-4668-BE54-9A1E7A4F7556}") = "wikr.FluentSlack.Tests", "wikr.Slack.Tests\wikr.FluentSlack.Tests.csproj", "{F83E066C-EBC4-412B-AFB1-2DBBB6527DAA}"
EndProject
Project("{FAE04EC0-301F-11D3-BF4B-00C04F79EFBC}") = "wikr.FluentSlack.Cli", "wirk.FluentSlack.Console\wikr.FluentSlack.Cli.csproj", "{C2462EEA-C0F1-4662-9653-4990C266026E}"
EndProject
Global
	GlobalSection(SolutionConfigurationPlatforms) = preSolution
		Debug|Any CPU = Debug|Any CPU
		Release|Any CPU = Release|Any CPU
	EndGlobalSection
	GlobalSection(ProjectConfigurationPlatforms) = postSolution
		{83890062-24C9-49C6-9CE0-454E3B3F6E55}.Debug|Any CPU.ActiveCfg = Debug|Any CPU
		{83890062-24C9-49C6-9CE0-454E3B3F6E55}.Debug|Any CPU.Build.0 = Debug|Any CPU
		{83890062-24C9-49C6-9CE0-454E3B3F6E55}.Release|Any CPU.ActiveCfg = Release|Any CPU
		{83890062-24C9-49C6-9CE0-454E3B3F6E55}.Release|Any CPU.Build.0 = Release|Any CPU
		{F83E066C-EBC4-412B-AFB1-2DBBB6527DAA}.Debug|Any CPU.ActiveCfg = Debug|Any CPU
		{F83E066C-EBC4-412B-AFB1-2DBBB6527DAA}.Debug|Any CPU.Build.0 = Debug|Any CPU
		{F83E066C-EBC4-412B-AFB1-2DBBB6527DAA}.Release|Any CPU.ActiveCfg = Release|Any CPU
		{F83E066C-EBC4-412B-AFB1-2DBBB6527DAA}.Release|Any CPU.Build.0 = Release|Any CPU
		{C2462EEA-C0F1-4662-9653-4990C266026E}.Debug|Any CPU.ActiveCfg = Debug|Any CPU
		{C2462EEA-C0F1-4662-9653-4990C266026E}.Debug|Any CPU.Build.0 = Debug|Any CPU
		{C2462EEA-C0F1-4662-9653-4990C266026E}.Release|Any CPU.ActiveCfg = Release|Any CPU
		{C2462EEA-C0F1-4662-9653-4990C266026E}.Release|Any CPU.Build.0 = Release|Any CPU
	EndGlobalSection
	GlobalSection(SolutionProperties) = preSolution
		HideSolutionNode = FALSE
	EndGlobalSection
	GlobalSection(ExtensibilityGlobals) = postSolution
		SolutionGuid = {076142D6-B4FA-4AAB-BC3D-77EB5D7B079F}
	EndGlobalSection
EndGlobal
